<Solution>
  <Project Path="src/KoreForge.Scripts.Abstractions/KoreForge.Scripts.Abstractions.csproj" />
  <Project Path="src/KoreForge.Scripts.AspNet/KoreForge.Scripts.AspNet.csproj" />
  <Project Path="src/KoreForge.Scripts.Cli/KoreForge.Scripts.Cli.csproj" />
  <Project Path="src/KoreForge.Scripts.Core/KoreForge.Scripts.Core.csproj" />
  <Project Path="src/KoreForge.Scripts.Data/KoreForge.Scripts.Data.csproj" />
  <Project Path="src/KoreForge.Scripts/KoreForge.Scripts.csproj" />
  <Project Path="tst/KoreForge.Scripts.Tests/KoreForge.Scripts.Tests.csproj" />
</Solution>
